// !$*UTF8*$!
{
	archiveVersion = 1;
	classes = {
	};
	objectVersion = 46;
	objects = {

/* Begin PBXBuildFile section */
		1566BB1E1CE174430075A567 /* Game.swift in Sources */ = {isa = PBXBuildFile; fileRef = 1566BB1D1CE174430075A567 /* Game.swift */; };
		1566BB201CE1749A0075A567 /* UICard.swift in Sources */ = {isa = PBXBuildFile; fileRef = 1566BB1F1CE1749A0075A567 /* UICard.swift */; };
		1566BB221CE17F410075A567 /* Condition.swift in Sources */ = {isa = PBXBuildFile; fileRef = 1566BB211CE17F410075A567 /* Condition.swift */; };
		156A4F601CB95DF400B94748 /* HostViewController.swift in Sources */ = {isa = PBXBuildFile; fileRef = 156A4F5F1CB95DF400B94748 /* HostViewController.swift */; };
		156A4F621CB9629F00B94748 /* JoinViewController.swift in Sources */ = {isa = PBXBuildFile; fileRef = 156A4F611CB9629F00B94748 /* JoinViewController.swift */; };
		156A4F6C1CB97DE900B94748 /* MCNetworking.swift in Sources */ = {isa = PBXBuildFile; fileRef = 156A4F6B1CB97DE900B94748 /* MCNetworking.swift */; };
		1583FEB31CB1C690008EBAB8 /* AppDelegate.swift in Sources */ = {isa = PBXBuildFile; fileRef = 1583FEB21CB1C690008EBAB8 /* AppDelegate.swift */; };
		1583FEBE1CB1C690008EBAB8 /* Assets.xcassets in Resources */ = {isa = PBXBuildFile; fileRef = 1583FEBD1CB1C690008EBAB8 /* Assets.xcassets */; };
		1583FEC11CB1C690008EBAB8 /* LaunchScreen.storyboard in Resources */ = {isa = PBXBuildFile; fileRef = 1583FEBF1CB1C690008EBAB8 /* LaunchScreen.storyboard */; };
		1583FECC1CB1C690008EBAB8 /* DeckOfCardsTests.swift in Sources */ = {isa = PBXBuildFile; fileRef = 1583FECB1CB1C690008EBAB8 /* DeckOfCardsTests.swift */; };
		1583FED71CB1C690008EBAB8 /* DeckOfCardsUITests.swift in Sources */ = {isa = PBXBuildFile; fileRef = 1583FED61CB1C690008EBAB8 /* DeckOfCardsUITests.swift */; };
		1583FEE71CB1C6C9008EBAB8 /* MCServer.swift in Sources */ = {isa = PBXBuildFile; fileRef = 1583FEE51CB1C6C9008EBAB8 /* MCServer.swift */; };
		1583FEE81CB1C6C9008EBAB8 /* MCClient.swift in Sources */ = {isa = PBXBuildFile; fileRef = 1583FEE61CB1C6C9008EBAB8 /* MCClient.swift */; };
		1583FEEE1CB1C763008EBAB8 /* MainMenu.storyboard in Resources */ = {isa = PBXBuildFile; fileRef = 1583FEEC1CB1C763008EBAB8 /* MainMenu.storyboard */; };
		1583FEEF1CB1C763008EBAB8 /* MainMenuViewController.swift in Sources */ = {isa = PBXBuildFile; fileRef = 1583FEED1CB1C763008EBAB8 /* MainMenuViewController.swift */; };
		1583FEF51CB1C773008EBAB8 /* GameScene.sks in Resources */ = {isa = PBXBuildFile; fileRef = 1583FEF01CB1C773008EBAB8 /* GameScene.sks */; };
		1583FEF61CB1C773008EBAB8 /* GameScene.swift in Sources */ = {isa = PBXBuildFile; fileRef = 1583FEF11CB1C773008EBAB8 /* GameScene.swift */; };
		1583FEF71CB1C773008EBAB8 /* GameViewController.swift in Sources */ = {isa = PBXBuildFile; fileRef = 1583FEF21CB1C773008EBAB8 /* GameViewController.swift */; };
		1583FEF81CB1C773008EBAB8 /* Card.swift in Sources */ = {isa = PBXBuildFile; fileRef = 1583FEF31CB1C773008EBAB8 /* Card.swift */; };
		1583FEF91CB1C773008EBAB8 /* Game.storyboard in Resources */ = {isa = PBXBuildFile; fileRef = 1583FEF41CB1C773008EBAB8 /* Game.storyboard */; };
		15B2EA5D1CCC3AF3003739BF /* NewGamePacket.swift in Sources */ = {isa = PBXBuildFile; fileRef = 15B2EA5C1CCC3AF3003739BF /* NewGamePacket.swift */; };
		15B2EA6B1CCC5BEE003739BF /* Deck.swift in Sources */ = {isa = PBXBuildFile; fileRef = 15B2EA6A1CCC5BEE003739BF /* Deck.swift */; };
		15D07DDB1CBDB88100CF6006 /* GameManager.swift in Sources */ = {isa = PBXBuildFile; fileRef = 15D07DDA1CBDB88100CF6006 /* GameManager.swift */; };
		15D07DDE1CBDDD4A00CF6006 /* Packet.swift in Sources */ = {isa = PBXBuildFile; fileRef = 15D07DDD1CBDDD4A00CF6006 /* Packet.swift */; };
		410A03161AF8E45421B1C88D /* Pods_DeckOfCards.framework in Frameworks */ = {isa = PBXBuildFile; fileRef = 4B703958F30588F0B4FD0864 /* Pods_DeckOfCards.framework */; };
/* End PBXBuildFile section */

/* Begin PBXContainerItemProxy section */
		1583FEC81CB1C690008EBAB8 /* PBXContainerItemProxy */ = {
			isa = PBXContainerItemProxy;
			containerPortal = 1583FEA71CB1C690008EBAB8 /* Project object */;
			proxyType = 1;
			remoteGlobalIDString = 1583FEAE1CB1C690008EBAB8;
			remoteInfo = DeckOfCards;
		};
		1583FED31CB1C690008EBAB8 /* PBXContainerItemProxy */ = {
			isa = PBXContainerItemProxy;
			containerPortal = 1583FEA71CB1C690008EBAB8 /* Project object */;
			proxyType = 1;
			remoteGlobalIDString = 1583FEAE1CB1C690008EBAB8;
			remoteInfo = DeckOfCards;
		};
/* End PBXContainerItemProxy section */

/* Begin PBXFileReference section */
		1566BB1D1CE174430075A567 /* Game.swift */ = {isa = PBXFileReference; fileEncoding = 4; lastKnownFileType = sourcecode.swift; path = Game.swift; sourceTree = "<group>"; };
		1566BB1F1CE1749A0075A567 /* UICard.swift */ = {isa = PBXFileReference; fileEncoding = 4; lastKnownFileType = sourcecode.swift; path = UICard.swift; sourceTree = "<group>"; };
		1566BB211CE17F410075A567 /* Condition.swift */ = {isa = PBXFileReference; fileEncoding = 4; lastKnownFileType = sourcecode.swift; path = Condition.swift; sourceTree = "<group>"; };
		156A4F5F1CB95DF400B94748 /* HostViewController.swift */ = {isa = PBXFileReference; fileEncoding = 4; lastKnownFileType = sourcecode.swift; path = HostViewController.swift; sourceTree = "<group>"; };
		156A4F611CB9629F00B94748 /* JoinViewController.swift */ = {isa = PBXFileReference; fileEncoding = 4; lastKnownFileType = sourcecode.swift; path = JoinViewController.swift; sourceTree = "<group>"; };
		156A4F6B1CB97DE900B94748 /* MCNetworking.swift */ = {isa = PBXFileReference; fileEncoding = 4; lastKnownFileType = sourcecode.swift; path = MCNetworking.swift; sourceTree = "<group>"; };
		1583FEAF1CB1C690008EBAB8 /* DeckOfCards.app */ = {isa = PBXFileReference; explicitFileType = wrapper.application; includeInIndex = 0; path = DeckOfCards.app; sourceTree = BUILT_PRODUCTS_DIR; };
		1583FEB21CB1C690008EBAB8 /* AppDelegate.swift */ = {isa = PBXFileReference; lastKnownFileType = sourcecode.swift; path = AppDelegate.swift; sourceTree = "<group>"; };
		1583FEBD1CB1C690008EBAB8 /* Assets.xcassets */ = {isa = PBXFileReference; lastKnownFileType = folder.assetcatalog; path = Assets.xcassets; sourceTree = "<group>"; };
		1583FEC01CB1C690008EBAB8 /* Base */ = {isa = PBXFileReference; lastKnownFileType = file.storyboard; name = Base; path = Base.lproj/LaunchScreen.storyboard; sourceTree = "<group>"; };
		1583FEC21CB1C690008EBAB8 /* Info.plist */ = {isa = PBXFileReference; lastKnownFileType = text.plist.xml; path = Info.plist; sourceTree = "<group>"; };
		1583FEC71CB1C690008EBAB8 /* DeckOfCardsTests.xctest */ = {isa = PBXFileReference; explicitFileType = wrapper.cfbundle; includeInIndex = 0; path = DeckOfCardsTests.xctest; sourceTree = BUILT_PRODUCTS_DIR; };
		1583FECB1CB1C690008EBAB8 /* DeckOfCardsTests.swift */ = {isa = PBXFileReference; lastKnownFileType = sourcecode.swift; path = DeckOfCardsTests.swift; sourceTree = "<group>"; };
		1583FECD1CB1C690008EBAB8 /* Info.plist */ = {isa = PBXFileReference; lastKnownFileType = text.plist.xml; path = Info.plist; sourceTree = "<group>"; };
		1583FED21CB1C690008EBAB8 /* DeckOfCardsUITests.xctest */ = {isa = PBXFileReference; explicitFileType = wrapper.cfbundle; includeInIndex = 0; path = DeckOfCardsUITests.xctest; sourceTree = BUILT_PRODUCTS_DIR; };
		1583FED61CB1C690008EBAB8 /* DeckOfCardsUITests.swift */ = {isa = PBXFileReference; lastKnownFileType = sourcecode.swift; path = DeckOfCardsUITests.swift; sourceTree = "<group>"; };
		1583FED81CB1C690008EBAB8 /* Info.plist */ = {isa = PBXFileReference; lastKnownFileType = text.plist.xml; path = Info.plist; sourceTree = "<group>"; };
		1583FEE51CB1C6C9008EBAB8 /* MCServer.swift */ = {isa = PBXFileReference; fileEncoding = 4; lastKnownFileType = sourcecode.swift; path = MCServer.swift; sourceTree = "<group>"; };
		1583FEE61CB1C6C9008EBAB8 /* MCClient.swift */ = {isa = PBXFileReference; fileEncoding = 4; lastKnownFileType = sourcecode.swift; path = MCClient.swift; sourceTree = "<group>"; };
		1583FEEC1CB1C763008EBAB8 /* MainMenu.storyboard */ = {isa = PBXFileReference; fileEncoding = 4; lastKnownFileType = file.storyboard; path = MainMenu.storyboard; sourceTree = "<group>"; };
		1583FEED1CB1C763008EBAB8 /* MainMenuViewController.swift */ = {isa = PBXFileReference; fileEncoding = 4; lastKnownFileType = sourcecode.swift; path = MainMenuViewController.swift; sourceTree = "<group>"; };
		1583FEF01CB1C773008EBAB8 /* GameScene.sks */ = {isa = PBXFileReference; lastKnownFileType = file.sks; path = GameScene.sks; sourceTree = "<group>"; };
		1583FEF11CB1C773008EBAB8 /* GameScene.swift */ = {isa = PBXFileReference; fileEncoding = 4; lastKnownFileType = sourcecode.swift; path = GameScene.swift; sourceTree = "<group>"; };
		1583FEF21CB1C773008EBAB8 /* GameViewController.swift */ = {isa = PBXFileReference; fileEncoding = 4; lastKnownFileType = sourcecode.swift; path = GameViewController.swift; sourceTree = "<group>"; };
		1583FEF31CB1C773008EBAB8 /* Card.swift */ = {isa = PBXFileReference; fileEncoding = 4; lastKnownFileType = sourcecode.swift; path = Card.swift; sourceTree = "<group>"; };
		1583FEF41CB1C773008EBAB8 /* Game.storyboard */ = {isa = PBXFileReference; fileEncoding = 4; lastKnownFileType = file.storyboard; path = Game.storyboard; sourceTree = "<group>"; };
		15B2EA5C1CCC3AF3003739BF /* NewGamePacket.swift */ = {isa = PBXFileReference; fileEncoding = 4; lastKnownFileType = sourcecode.swift; path = NewGamePacket.swift; sourceTree = "<group>"; };
		15B2EA6A1CCC5BEE003739BF /* Deck.swift */ = {isa = PBXFileReference; fileEncoding = 4; lastKnownFileType = sourcecode.swift; path = Deck.swift; sourceTree = "<group>"; };
		15D07DDA1CBDB88100CF6006 /* GameManager.swift */ = {isa = PBXFileReference; fileEncoding = 4; lastKnownFileType = sourcecode.swift; name = GameManager.swift; path = "Data Model/GameManager.swift"; sourceTree = "<group>"; };
		15D07DDD1CBDDD4A00CF6006 /* Packet.swift */ = {isa = PBXFileReference; fileEncoding = 4; lastKnownFileType = sourcecode.swift; name = Packet.swift; path = DeckOfCards/Networking/Packet/Packet.swift; sourceTree = SOURCE_ROOT; };
		4B703958F30588F0B4FD0864 /* Pods_DeckOfCards.framework */ = {isa = PBXFileReference; explicitFileType = wrapper.framework; includeInIndex = 0; path = Pods_DeckOfCards.framework; sourceTree = BUILT_PRODUCTS_DIR; };
		8FF60E56502438746D704711 /* Pods-DeckOfCards.release.xcconfig */ = {isa = PBXFileReference; includeInIndex = 1; lastKnownFileType = text.xcconfig; name = "Pods-DeckOfCards.release.xcconfig"; path = "Pods/Target Support Files/Pods-DeckOfCards/Pods-DeckOfCards.release.xcconfig"; sourceTree = "<group>"; };
		D3437A3CACEFFD91323A8068 /* Pods-DeckOfCards.debug.xcconfig */ = {isa = PBXFileReference; includeInIndex = 1; lastKnownFileType = text.xcconfig; name = "Pods-DeckOfCards.debug.xcconfig"; path = "Pods/Target Support Files/Pods-DeckOfCards/Pods-DeckOfCards.debug.xcconfig"; sourceTree = "<group>"; };
/* End PBXFileReference section */

/* Begin PBXFrameworksBuildPhase section */
		1583FEAC1CB1C690008EBAB8 /* Frameworks */ = {
			isa = PBXFrameworksBuildPhase;
			buildActionMask = 2147483647;
			files = (
				410A03161AF8E45421B1C88D /* Pods_DeckOfCards.framework in Frameworks */,
			);
			runOnlyForDeploymentPostprocessing = 0;
		};
		1583FEC41CB1C690008EBAB8 /* Frameworks */ = {
			isa = PBXFrameworksBuildPhase;
			buildActionMask = 2147483647;
			files = (
			);
			runOnlyForDeploymentPostprocessing = 0;
		};
		1583FECF1CB1C690008EBAB8 /* Frameworks */ = {
			isa = PBXFrameworksBuildPhase;
			buildActionMask = 2147483647;
			files = (
			);
			runOnlyForDeploymentPostprocessing = 0;
		};
/* End PBXFrameworksBuildPhase section */

/* Begin PBXGroup section */
		1583FEA61CB1C690008EBAB8 = {
			isa = PBXGroup;
			children = (
				1583FEB11CB1C690008EBAB8 /* DeckOfCards */,
				1583FECA1CB1C690008EBAB8 /* DeckOfCardsTests */,
				1583FED51CB1C690008EBAB8 /* DeckOfCardsUITests */,
				1583FEB01CB1C690008EBAB8 /* Products */,
				8BE2B9AE88770747239FEEE4 /* Pods */,
				E0C14635ADFAFC01CD016A41 /* Frameworks */,
			);
			sourceTree = "<group>";
		};
		1583FEB01CB1C690008EBAB8 /* Products */ = {
			isa = PBXGroup;
			children = (
				1583FEAF1CB1C690008EBAB8 /* DeckOfCards.app */,
				1583FEC71CB1C690008EBAB8 /* DeckOfCardsTests.xctest */,
				1583FED21CB1C690008EBAB8 /* DeckOfCardsUITests.xctest */,
			);
			name = Products;
			sourceTree = "<group>";
		};
		1583FEB11CB1C690008EBAB8 /* DeckOfCards */ = {
			isa = PBXGroup;
			children = (
				15D07DDA1CBDB88100CF6006 /* GameManager.swift */,
				15D07DDC1CBDB8BB00CF6006 /* Data Model */,
				1583FEE41CB1C6A3008EBAB8 /* Networking */,
				1583FEE91CB1C6D4008EBAB8 /* Screens */,
				1583FEB21CB1C690008EBAB8 /* AppDelegate.swift */,
				1583FEBD1CB1C690008EBAB8 /* Assets.xcassets */,
				1583FEBF1CB1C690008EBAB8 /* LaunchScreen.storyboard */,
				1583FEC21CB1C690008EBAB8 /* Info.plist */,
			);
			path = DeckOfCards;
			sourceTree = "<group>";
		};
		1583FECA1CB1C690008EBAB8 /* DeckOfCardsTests */ = {
			isa = PBXGroup;
			children = (
				1583FECB1CB1C690008EBAB8 /* DeckOfCardsTests.swift */,
				1583FECD1CB1C690008EBAB8 /* Info.plist */,
			);
			path = DeckOfCardsTests;
			sourceTree = "<group>";
		};
		1583FED51CB1C690008EBAB8 /* DeckOfCardsUITests */ = {
			isa = PBXGroup;
			children = (
				1583FED61CB1C690008EBAB8 /* DeckOfCardsUITests.swift */,
				1583FED81CB1C690008EBAB8 /* Info.plist */,
			);
			path = DeckOfCardsUITests;
			sourceTree = "<group>";
		};
		1583FEE41CB1C6A3008EBAB8 /* Networking */ = {
			isa = PBXGroup;
			children = (
				15B2EA5B1CCC3AAE003739BF /* Packet */,
				1583FEE51CB1C6C9008EBAB8 /* MCServer.swift */,
				1583FEE61CB1C6C9008EBAB8 /* MCClient.swift */,
				156A4F6B1CB97DE900B94748 /* MCNetworking.swift */,
			);
			path = Networking;
			sourceTree = "<group>";
		};
		1583FEE91CB1C6D4008EBAB8 /* Screens */ = {
			isa = PBXGroup;
			children = (
				1583FEEB1CB1C708008EBAB8 /* Game */,
				1583FEEA1CB1C6FC008EBAB8 /* MainMenu */,
			);
			path = Screens;
			sourceTree = "<group>";
		};
		1583FEEA1CB1C6FC008EBAB8 /* MainMenu */ = {
			isa = PBXGroup;
			children = (
				1583FEEC1CB1C763008EBAB8 /* MainMenu.storyboard */,
				1583FEED1CB1C763008EBAB8 /* MainMenuViewController.swift */,
				156A4F5F1CB95DF400B94748 /* HostViewController.swift */,
				156A4F611CB9629F00B94748 /* JoinViewController.swift */,
			);
			path = MainMenu;
			sourceTree = "<group>";
		};
		1583FEEB1CB1C708008EBAB8 /* Game */ = {
			isa = PBXGroup;
			children = (
				1583FEF01CB1C773008EBAB8 /* GameScene.sks */,
				1583FEF11CB1C773008EBAB8 /* GameScene.swift */,
				1583FEF21CB1C773008EBAB8 /* GameViewController.swift */,
				1583FEF41CB1C773008EBAB8 /* Game.storyboard */,
				1566BB1F1CE1749A0075A567 /* UICard.swift */,
			);
			path = Game;
			sourceTree = "<group>";
		};
		15B2EA5B1CCC3AAE003739BF /* Packet */ = {
			isa = PBXGroup;
			children = (
				15D07DDD1CBDDD4A00CF6006 /* Packet.swift */,
				15B2EA5C1CCC3AF3003739BF /* NewGamePacket.swift */,
			);
			path = Packet;
			sourceTree = "<group>";
		};
		15D07DDC1CBDB8BB00CF6006 /* Data Model */ = {
			isa = PBXGroup;
			children = (
				1583FEF31CB1C773008EBAB8 /* Card.swift */,
				15B2EA6A1CCC5BEE003739BF /* Deck.swift */,
				1566BB1D1CE174430075A567 /* Game.swift */,
				1566BB211CE17F410075A567 /* Condition.swift */,
			);
			path = "Data Model";
			sourceTree = "<group>";
		};
		8BE2B9AE88770747239FEEE4 /* Pods */ = {
			isa = PBXGroup;
			children = (
				D3437A3CACEFFD91323A8068 /* Pods-DeckOfCards.debug.xcconfig */,
				8FF60E56502438746D704711 /* Pods-DeckOfCards.release.xcconfig */,
			);
			name = Pods;
			sourceTree = "<group>";
		};
		E0C14635ADFAFC01CD016A41 /* Frameworks */ = {
			isa = PBXGroup;
			children = (
				4B703958F30588F0B4FD0864 /* Pods_DeckOfCards.framework */,
			);
			name = Frameworks;
			sourceTree = "<group>";
		};
/* End PBXGroup section */

/* Begin PBXNativeTarget section */
		1583FEAE1CB1C690008EBAB8 /* DeckOfCards */ = {
			isa = PBXNativeTarget;
			buildConfigurationList = 1583FEDB1CB1C690008EBAB8 /* Build configuration list for PBXNativeTarget "DeckOfCards" */;
			buildPhases = (
				7B5C8128A699CF03E4019101 /* Check Pods Manifest.lock */,
				1583FEAB1CB1C690008EBAB8 /* Sources */,
				1583FEAC1CB1C690008EBAB8 /* Frameworks */,
				1583FEAD1CB1C690008EBAB8 /* Resources */,
				C1614D61C3A3DF15AE587B6A /* Embed Pods Frameworks */,
				EE773DD892AAEDC27528241A /* Copy Pods Resources */,
			);
			buildRules = (
			);
			dependencies = (
			);
			name = DeckOfCards;
			productName = DeckOfCards;
			productReference = 1583FEAF1CB1C690008EBAB8 /* DeckOfCards.app */;
			productType = "com.apple.product-type.application";
		};
		1583FEC61CB1C690008EBAB8 /* DeckOfCardsTests */ = {
			isa = PBXNativeTarget;
			buildConfigurationList = 1583FEDE1CB1C690008EBAB8 /* Build configuration list for PBXNativeTarget "DeckOfCardsTests" */;
			buildPhases = (
				1583FEC31CB1C690008EBAB8 /* Sources */,
				1583FEC41CB1C690008EBAB8 /* Frameworks */,
				1583FEC51CB1C690008EBAB8 /* Resources */,
			);
			buildRules = (
			);
			dependencies = (
				1583FEC91CB1C690008EBAB8 /* PBXTargetDependency */,
			);
			name = DeckOfCardsTests;
			productName = DeckOfCardsTests;
			productReference = 1583FEC71CB1C690008EBAB8 /* DeckOfCardsTests.xctest */;
			productType = "com.apple.product-type.bundle.unit-test";
		};
		1583FED11CB1C690008EBAB8 /* DeckOfCardsUITests */ = {
			isa = PBXNativeTarget;
			buildConfigurationList = 1583FEE11CB1C690008EBAB8 /* Build configuration list for PBXNativeTarget "DeckOfCardsUITests" */;
			buildPhases = (
				1583FECE1CB1C690008EBAB8 /* Sources */,
				1583FECF1CB1C690008EBAB8 /* Frameworks */,
				1583FED01CB1C690008EBAB8 /* Resources */,
			);
			buildRules = (
			);
			dependencies = (
				1583FED41CB1C690008EBAB8 /* PBXTargetDependency */,
			);
			name = DeckOfCardsUITests;
			productName = DeckOfCardsUITests;
			productReference = 1583FED21CB1C690008EBAB8 /* DeckOfCardsUITests.xctest */;
			productType = "com.apple.product-type.bundle.ui-testing";
		};
/* End PBXNativeTarget section */

/* Begin PBXProject section */
		1583FEA71CB1C690008EBAB8 /* Project object */ = {
			isa = PBXProject;
			attributes = {
				LastSwiftUpdateCheck = 0730;
				LastUpgradeCheck = 0730;
				ORGANIZATIONNAME = delong;
				TargetAttributes = {
					1583FEAE1CB1C690008EBAB8 = {
						CreatedOnToolsVersion = 7.3;
					};
					1583FEC61CB1C690008EBAB8 = {
						CreatedOnToolsVersion = 7.3;
						TestTargetID = 1583FEAE1CB1C690008EBAB8;
					};
					1583FED11CB1C690008EBAB8 = {
						CreatedOnToolsVersion = 7.3;
						TestTargetID = 1583FEAE1CB1C690008EBAB8;
					};
				};
			};
			buildConfigurationList = 1583FEAA1CB1C690008EBAB8 /* Build configuration list for PBXProject "DeckOfCards" */;
			compatibilityVersion = "Xcode 3.2";
			developmentRegion = English;
			hasScannedForEncodings = 0;
			knownRegions = (
				en,
				Base,
			);
			mainGroup = 1583FEA61CB1C690008EBAB8;
			productRefGroup = 1583FEB01CB1C690008EBAB8 /* Products */;
			projectDirPath = "";
			projectRoot = "";
			targets = (
				1583FEAE1CB1C690008EBAB8 /* DeckOfCards */,
				1583FEC61CB1C690008EBAB8 /* DeckOfCardsTests */,
				1583FED11CB1C690008EBAB8 /* DeckOfCardsUITests */,
			);
		};
/* End PBXProject section */

/* Begin PBXResourcesBuildPhase section */
		1583FEAD1CB1C690008EBAB8 /* Resources */ = {
			isa = PBXResourcesBuildPhase;
			buildActionMask = 2147483647;
			files = (
				1583FEEE1CB1C763008EBAB8 /* MainMenu.storyboard in Resources */,
				1583FEF91CB1C773008EBAB8 /* Game.storyboard in Resources */,
				1583FEC11CB1C690008EBAB8 /* LaunchScreen.storyboard in Resources */,
				1583FEBE1CB1C690008EBAB8 /* Assets.xcassets in Resources */,
				1583FEF51CB1C773008EBAB8 /* GameScene.sks in Resources */,
			);
			runOnlyForDeploymentPostprocessing = 0;
		};
		1583FEC51CB1C690008EBAB8 /* Resources */ = {
			isa = PBXResourcesBuildPhase;
			buildActionMask = 2147483647;
			files = (
			);
			runOnlyForDeploymentPostprocessing = 0;
		};
		1583FED01CB1C690008EBAB8 /* Resources */ = {
			isa = PBXResourcesBuildPhase;
			buildActionMask = 2147483647;
			files = (
			);
			runOnlyForDeploymentPostprocessing = 0;
		};
/* End PBXResourcesBuildPhase section */

/* Begin PBXShellScriptBuildPhase section */
		7B5C8128A699CF03E4019101 /* Check Pods Manifest.lock */ = {
			isa = PBXShellScriptBuildPhase;
			buildActionMask = 2147483647;
			files = (
			);
			inputPaths = (
			);
			name = "Check Pods Manifest.lock";
			outputPaths = (
			);
			runOnlyForDeploymentPostprocessing = 0;
			shellPath = /bin/sh;
			shellScript = "diff \"${PODS_ROOT}/../Podfile.lock\" \"${PODS_ROOT}/Manifest.lock\" > /dev/null\nif [[ $? != 0 ]] ; then\n    cat << EOM\nerror: The sandbox is not in sync with the Podfile.lock. Run 'pod install' or update your CocoaPods installation.\nEOM\n    exit 1\nfi\n";
			showEnvVarsInLog = 0;
		};
		C1614D61C3A3DF15AE587B6A /* Embed Pods Frameworks */ = {
			isa = PBXShellScriptBuildPhase;
			buildActionMask = 2147483647;
			files = (
			);
			inputPaths = (
			);
			name = "Embed Pods Frameworks";
			outputPaths = (
			);
			runOnlyForDeploymentPostprocessing = 0;
			shellPath = /bin/sh;
			shellScript = "\"${SRCROOT}/Pods/Target Support Files/Pods-DeckOfCards/Pods-DeckOfCards-frameworks.sh\"\n";
			showEnvVarsInLog = 0;
		};
		EE773DD892AAEDC27528241A /* Copy Pods Resources */ = {
			isa = PBXShellScriptBuildPhase;
			buildActionMask = 2147483647;
			files = (
			);
			inputPaths = (
			);
			name = "Copy Pods Resources";
			outputPaths = (
			);
			runOnlyForDeploymentPostprocessing = 0;
			shellPath = /bin/sh;
			shellScript = "\"${SRCROOT}/Pods/Target Support Files/Pods-DeckOfCards/Pods-DeckOfCards-resources.sh\"\n";
			showEnvVarsInLog = 0;
		};
/* End PBXShellScriptBuildPhase section */

/* Begin PBXSourcesBuildPhase section */
		1583FEAB1CB1C690008EBAB8 /* Sources */ = {
			isa = PBXSourcesBuildPhase;
			buildActionMask = 2147483647;
			files = (
				15B2EA6B1CCC5BEE003739BF /* Deck.swift in Sources */,
				1566BB1E1CE174430075A567 /* Game.swift in Sources */,
				1566BB221CE17F410075A567 /* Condition.swift in Sources */,
				156A4F601CB95DF400B94748 /* HostViewController.swift in Sources */,
				1583FEEF1CB1C763008EBAB8 /* MainMenuViewController.swift in Sources */,
				156A4F6C1CB97DE900B94748 /* MCNetworking.swift in Sources */,
				15D07DDE1CBDDD4A00CF6006 /* Packet.swift in Sources */,
				1583FEF81CB1C773008EBAB8 /* Card.swift in Sources */,
				1583FEE71CB1C6C9008EBAB8 /* MCServer.swift in Sources */,
				15B2EA5D1CCC3AF3003739BF /* NewGamePacket.swift in Sources */,
				156A4F621CB9629F00B94748 /* JoinViewController.swift in Sources */,
				15D07DDB1CBDB88100CF6006 /* GameManager.swift in Sources */,
				1583FEF71CB1C773008EBAB8 /* GameViewController.swift in Sources */,
				1583FEB31CB1C690008EBAB8 /* AppDelegate.swift in Sources */,
				1583FEF61CB1C773008EBAB8 /* GameScene.swift in Sources */,
				1583FEE81CB1C6C9008EBAB8 /* MCClient.swift in Sources */,
				1566BB201CE1749A0075A567 /* UICard.swift in Sources */,
			);
			runOnlyForDeploymentPostprocessing = 0;
		};
		1583FEC31CB1C690008EBAB8 /* Sources */ = {
			isa = PBXSourcesBuildPhase;
			buildActionMask = 2147483647;
			files = (
				1583FECC1CB1C690008EBAB8 /* DeckOfCardsTests.swift in Sources */,
			);
			runOnlyForDeploymentPostprocessing = 0;
		};
		1583FECE1CB1C690008EBAB8 /* Sources */ = {
			isa = PBXSourcesBuildPhase;
			buildActionMask = 2147483647;
			files = (
				1583FED71CB1C690008EBAB8 /* DeckOfCardsUITests.swift in Sources */,
			);
			runOnlyForDeploymentPostprocessing = 0;
		};
/* End PBXSourcesBuildPhase section */

/* Begin PBXTargetDependency section */
		1583FEC91CB1C690008EBAB8 /* PBXTargetDependency */ = {
			isa = PBXTargetDependency;
			target = 1583FEAE1CB1C690008EBAB8 /* DeckOfCards */;
			targetProxy = 1583FEC81CB1C690008EBAB8 /* PBXContainerItemProxy */;
		};
		1583FED41CB1C690008EBAB8 /* PBXTargetDependency */ = {
			isa = PBXTargetDependency;
			target = 1583FEAE1CB1C690008EBAB8 /* DeckOfCards */;
			targetProxy = 1583FED31CB1C690008EBAB8 /* PBXContainerItemProxy */;
		};
/* End PBXTargetDependency section */

/* Begin PBXVariantGroup section */
		1583FEBF1CB1C690008EBAB8 /* LaunchScreen.storyboard */ = {
			isa = PBXVariantGroup;
			children = (
				1583FEC01CB1C690008EBAB8 /* Base */,
			);
			name = LaunchScreen.storyboard;
			sourceTree = "<group>";
		};
/* End PBXVariantGroup section */

/* Begin XCBuildConfiguration section */
		1583FED91CB1C690008EBAB8 /* Debug */ = {
			isa = XCBuildConfiguration;
			buildSettings = {
				ALWAYS_SEARCH_USER_PATHS = NO;
				CLANG_ANALYZER_NONNULL = YES;
				CLANG_CXX_LANGUAGE_STANDARD = "gnu++0x";
				CLANG_CXX_LIBRARY = "libc++";
				CLANG_ENABLE_MODULES = YES;
				CLANG_ENABLE_OBJC_ARC = YES;
				CLANG_WARN_BOOL_CONVERSION = YES;
				CLANG_WARN_CONSTANT_CONVERSION = YES;
				CLANG_WARN_DIRECT_OBJC_ISA_USAGE = YES_ERROR;
				CLANG_WARN_EMPTY_BODY = YES;
				CLANG_WARN_ENUM_CONVERSION = YES;
				CLANG_WARN_INT_CONVERSION = YES;
				CLANG_WARN_OBJC_ROOT_CLASS = YES_ERROR;
				CLANG_WARN_UNREACHABLE_CODE = YES;
				CLANG_WARN__DUPLICATE_METHOD_MATCH = YES;
				"CODE_SIGN_IDENTITY[sdk=iphoneos*]" = "iPhone Developer";
				COPY_PHASE_STRIP = NO;
				DEBUG_INFORMATION_FORMAT = "dwarf-with-dsym";
				ENABLE_STRICT_OBJC_MSGSEND = YES;
				ENABLE_TESTABILITY = YES;
				GCC_C_LANGUAGE_STANDARD = gnu99;
				GCC_DYNAMIC_NO_PIC = NO;
				GCC_NO_COMMON_BLOCKS = YES;
				GCC_OPTIMIZATION_LEVEL = 0;
				GCC_PREPROCESSOR_DEFINITIONS = (
					"DEBUG=1",
					"$(inherited)",
				);
				GCC_WARN_64_TO_32_BIT_CONVERSION = YES;
				GCC_WARN_ABOUT_RETURN_TYPE = YES_ERROR;
				GCC_WARN_UNDECLARED_SELECTOR = YES;
				GCC_WARN_UNINITIALIZED_AUTOS = YES_AGGRESSIVE;
				GCC_WARN_UNUSED_FUNCTION = YES;
				GCC_WARN_UNUSED_VARIABLE = YES;
				IPHONEOS_DEPLOYMENT_TARGET = 9.3;
				MTL_ENABLE_DEBUG_INFO = YES;
				ONLY_ACTIVE_ARCH = YES;
				SDKROOT = iphoneos;
				SWIFT_OPTIMIZATION_LEVEL = "-Onone";
				TARGETED_DEVICE_FAMILY = "1,2";
			};
			name = Debug;
		};
		1583FEDA1CB1C690008EBAB8 /* Release */ = {
			isa = XCBuildConfiguration;
			buildSettings = {
				ALWAYS_SEARCH_USER_PATHS = NO;
				CLANG_ANALYZER_NONNULL = YES;
				CLANG_CXX_LANGUAGE_STANDARD = "gnu++0x";
				CLANG_CXX_LIBRARY = "libc++";
				CLANG_ENABLE_MODULES = YES;
				CLANG_ENABLE_OBJC_ARC = YES;
				CLANG_WARN_BOOL_CONVERSION = YES;
				CLANG_WARN_CONSTANT_CONVERSION = YES;
				CLANG_WARN_DIRECT_OBJC_ISA_USAGE = YES_ERROR;
				CLANG_WARN_EMPTY_BODY = YES;
				CLANG_WARN_ENUM_CONVERSION = YES;
				CLANG_WARN_INT_CONVERSION = YES;
				CLANG_WARN_OBJC_ROOT_CLASS = YES_ERROR;
				CLANG_WARN_UNREACHABLE_CODE = YES;
				CLANG_WARN__DUPLICATE_METHOD_MATCH = YES;
				"CODE_SIGN_IDENTITY[sdk=iphoneos*]" = "iPhone Developer";
				COPY_PHASE_STRIP = NO;
				DEBUG_INFORMATION_FORMAT = "dwarf-with-dsym";
				ENABLE_NS_ASSERTIONS = NO;
				ENABLE_STRICT_OBJC_MSGSEND = YES;
				GCC_C_LANGUAGE_STANDARD = gnu99;
				GCC_NO_COMMON_BLOCKS = YES;
				GCC_WARN_64_TO_32_BIT_CONVERSION = YES;
				GCC_WARN_ABOUT_RETURN_TYPE = YES_ERROR;
				GCC_WARN_UNDECLARED_SELECTOR = YES;
				GCC_WARN_UNINITIALIZED_AUTOS = YES_AGGRESSIVE;
				GCC_WARN_UNUSED_FUNCTION = YES;
				GCC_WARN_UNUSED_VARIABLE = YES;
				IPHONEOS_DEPLOYMENT_TARGET = 9.3;
				MTL_ENABLE_DEBUG_INFO = NO;
				SDKROOT = iphoneos;
				TARGETED_DEVICE_FAMILY = "1,2";
				VALIDATE_PRODUCT = YES;
			};
			name = Release;
		};
		1583FEDC1CB1C690008EBAB8 /* Debug */ = {
			isa = XCBuildConfiguration;
			baseConfigurationReference = D3437A3CACEFFD91323A8068 /* Pods-DeckOfCards.debug.xcconfig */;
			buildSettings = {
				ASSETCATALOG_COMPILER_APPICON_NAME = AppIcon;
				INFOPLIST_FILE = DeckOfCards/Info.plist;
				LD_RUNPATH_SEARCH_PATHS = "$(inherited) @executable_path/Frameworks";
				PRODUCT_BUNDLE_IDENTIFIER = com.DeckOfCards;
				PRODUCT_NAME = "$(TARGET_NAME)";
			};
			name = Debug;
		};
		1583FEDD1CB1C690008EBAB8 /* Release */ = {
			isa = XCBuildConfiguration;
			baseConfigurationReference = 8FF60E56502438746D704711 /* Pods-DeckOfCards.release.xcconfig */;
			buildSettings = {
				ASSETCATALOG_COMPILER_APPICON_NAME = AppIcon;
				INFOPLIST_FILE = DeckOfCards/Info.plist;
				LD_RUNPATH_SEARCH_PATHS = "$(inherited) @executable_path/Frameworks";
				PRODUCT_BUNDLE_IDENTIFIER = com.DeckOfCards;
				PRODUCT_NAME = "$(TARGET_NAME)";
			};
			name = Release;
		};
		1583FEDF1CB1C690008EBAB8 /* Debug */ = {
			isa = XCBuildConfiguration;
			buildSettings = {
				BUNDLE_LOADER = "$(TEST_HOST)";
				DEBUG_INFORMATION_FORMAT = dwarf;
				INFOPLIST_FILE = DeckOfCardsTests/Info.plist;
				LD_RUNPATH_SEARCH_PATHS = "$(inherited) @executable_path/Frameworks @loader_path/Frameworks";
				PRODUCT_BUNDLE_IDENTIFIER = com.DeckOfCardsTests;
				PRODUCT_NAME = "$(TARGET_NAME)";
				TEST_HOST = "$(BUILT_PRODUCTS_DIR)/DeckOfCards.app/DeckOfCards";
			};
			name = Debug;
		};
		1583FEE01CB1C690008EBAB8 /* Release */ = {
			isa = XCBuildConfiguration;
			buildSettings = {
				BUNDLE_LOADER = "$(TEST_HOST)";
				INFOPLIST_FILE = DeckOfCardsTests/Info.plist;
				LD_RUNPATH_SEARCH_PATHS = "$(inherited) @executable_path/Frameworks @loader_path/Frameworks";
				PRODUCT_BUNDLE_IDENTIFIER = com.DeckOfCardsTests;
				PRODUCT_NAME = "$(TARGET_NAME)";
				TEST_HOST = "$(BUILT_PRODUCTS_DIR)/DeckOfCards.app/DeckOfCards";
			};
			name = Release;
		};
		1583FEE21CB1C690008EBAB8 /* Debug */ = {
			isa = XCBuildConfiguration;
			buildSettings = {
				DEBUG_INFORMATION_FORMAT = dwarf;
				INFOPLIST_FILE = DeckOfCardsUITests/Info.plist;
				LD_RUNPATH_SEARCH_PATHS = "$(inherited) @executable_path/Frameworks @loader_path/Frameworks";
				PRODUCT_BUNDLE_IDENTIFIER = com.DeckOfCardsUITests;
				PRODUCT_NAME = "$(TARGET_NAME)";
				TEST_TARGET_NAME = DeckOfCards;
			};
			name = Debug;
		};
		1583FEE31CB1C690008EBAB8 /* Release */ = {
			isa = XCBuildConfiguration;
			buildSettings = {
				INFOPLIST_FILE = DeckOfCardsUITests/Info.plist;
				LD_RUNPATH_SEARCH_PATHS = "$(inherited) @executable_path/Frameworks @loader_path/Frameworks";
				PRODUCT_BUNDLE_IDENTIFIER = com.DeckOfCardsUITests;
				PRODUCT_NAME = "$(TARGET_NAME)";
				TEST_TARGET_NAME = DeckOfCards;
			};
			name = Release;
		};
/* End XCBuildConfiguration section */

/* Begin XCConfigurationList section */
		1583FEAA1CB1C690008EBAB8 /* Build configuration list for PBXProject "DeckOfCards" */ = {
			isa = XCConfigurationList;
			buildConfigurations = (
				1583FED91CB1C690008EBAB8 /* Debug */,
				1583FEDA1CB1C690008EBAB8 /* Release */,
			);
			defaultConfigurationIsVisible = 0;
			defaultConfigurationName = Release;
		};
		1583FEDB1CB1C690008EBAB8 /* Build configuration list for PBXNativeTarget "DeckOfCards" */ = {
			isa = XCConfigurationList;
			buildConfigurations = (
				1583FEDC1CB1C690008EBAB8 /* Debug */,
				1583FEDD1CB1C690008EBAB8 /* Release */,
			);
			defaultConfigurationIsVisible = 0;
			defaultConfigurationName = Release;
		};
		1583FEDE1CB1C690008EBAB8 /* Build configuration list for PBXNativeTarget "DeckOfCardsTests" */ = {
			isa = XCConfigurationList;
			buildConfigurations = (
				1583FEDF1CB1C690008EBAB8 /* Debug */,
				1583FEE01CB1C690008EBAB8 /* Release */,
			);
			defaultConfigurationIsVisible = 0;
			defaultConfigurationName = Release;
		};
		1583FEE11CB1C690008EBAB8 /* Build configuration list for PBXNativeTarget "DeckOfCardsUITests" */ = {
			isa = XCConfigurationList;
			buildConfigurations = (
				1583FEE21CB1C690008EBAB8 /* Debug */,
				1583FEE31CB1C690008EBAB8 /* Release */,
			);
			defaultConfigurationIsVisible = 0;
			defaultConfigurationName = Release;
		};
/* End XCConfigurationList section */
	};
	rootObject = 1583FEA71CB1C690008EBAB8 /* Project object */;
}
