// !$*UTF8*$!
{
	archiveVersion = 1;
	classes = {
	};
	objectVersion = 46;
	objects = {

/* Begin PBXBuildFile section */
		15026AF11EBF9E4100A072EF /* PlayerCard.swift in Sources */ = {isa = PBXBuildFile; fileRef = 15026AF01EBF9E4100A072EF /* PlayerCard.swift */; };
		150343A91ECF161D002B4415 /* CardService.swift in Sources */ = {isa = PBXBuildFile; fileRef = 150343A81ECF161D002B4415 /* CardService.swift */; };
		1523F1F71E7F2CED001486BB /* GameStatePacket.swift in Sources */ = {isa = PBXBuildFile; fileRef = 1523F1F61E7F2CED001486BB /* GameStatePacket.swift */; };
		1523F1F91E7F2D22001486BB /* PlayersPacket.swift in Sources */ = {isa = PBXBuildFile; fileRef = 1523F1F81E7F2D22001486BB /* PlayersPacket.swift */; };
		1523F1FC1E7F2DC5001486BB /* CardView.swift in Sources */ = {isa = PBXBuildFile; fileRef = 1523F1FB1E7F2DC5001486BB /* CardView.swift */; };
		1533520C1E69148300C997FB /* Card.swift in Sources */ = {isa = PBXBuildFile; fileRef = 1533520A1E69148300C997FB /* Card.swift */; };
		1533520D1E69148300C997FB /* Deck.swift in Sources */ = {isa = PBXBuildFile; fileRef = 1533520B1E69148300C997FB /* Deck.swift */; };
		15A1E7DD1E991ED7009BA96D /* CardServiceTests.swift in Sources */ = {isa = PBXBuildFile; fileRef = 15A1E7DC1E991ED7009BA96D /* CardServiceTests.swift */; };
		15B4ECE91E620446001C72CF /* AppDelegate.swift in Sources */ = {isa = PBXBuildFile; fileRef = 15B4ECE81E620446001C72CF /* AppDelegate.swift */; };
		15B4ECEE1E620446001C72CF /* Main.storyboard in Resources */ = {isa = PBXBuildFile; fileRef = 15B4ECEC1E620446001C72CF /* Main.storyboard */; };
		15B4ECF11E620446001C72CF /* DeckOfCards.xcdatamodeld in Sources */ = {isa = PBXBuildFile; fileRef = 15B4ECEF1E620446001C72CF /* DeckOfCards.xcdatamodeld */; };
		15B4ECF31E620446001C72CF /* Assets.xcassets in Resources */ = {isa = PBXBuildFile; fileRef = 15B4ECF21E620446001C72CF /* Assets.xcassets */; };
		15B4ECF61E620446001C72CF /* LaunchScreen.storyboard in Resources */ = {isa = PBXBuildFile; fileRef = 15B4ECF41E620446001C72CF /* LaunchScreen.storyboard */; };
		15B4ED011E620446001C72CF /* DeckOfCardsTests.swift in Sources */ = {isa = PBXBuildFile; fileRef = 15B4ED001E620446001C72CF /* DeckOfCardsTests.swift */; };
		15B4ED0C1E6204B3001C72CF /* NetworkManager.swift in Sources */ = {isa = PBXBuildFile; fileRef = 15B4ED0B1E6204B3001C72CF /* NetworkManager.swift */; };
		15B4ED0E1E6206A0001C72CF /* .swiftlint.yml in Resources */ = {isa = PBXBuildFile; fileRef = 15B4ED0D1E6206A0001C72CF /* .swiftlint.yml */; };
		15B4ED131E622CF8001C72CF /* GameManager.swift in Sources */ = {isa = PBXBuildFile; fileRef = 15B4ED121E622CF8001C72CF /* GameManager.swift */; };
		15B4ED151E64638E001C72CF /* MainViewController.swift in Sources */ = {isa = PBXBuildFile; fileRef = 15B4ED141E64638E001C72CF /* MainViewController.swift */; };
		15B4ED1B1E6463F6001C72CF /* StoryboardBased.swift in Sources */ = {isa = PBXBuildFile; fileRef = 15B4ED181E6463F6001C72CF /* StoryboardBased.swift */; };
		15B4ED1C1E6463F6001C72CF /* NibLoadable.swift in Sources */ = {isa = PBXBuildFile; fileRef = 15B4ED191E6463F6001C72CF /* NibLoadable.swift */; };
		15B4ED1D1E6463F6001C72CF /* NibOwnerLoadable.swift in Sources */ = {isa = PBXBuildFile; fileRef = 15B4ED1A1E6463F6001C72CF /* NibOwnerLoadable.swift */; };
		15B4ED201E6464E8001C72CF /* GameTableViewController.swift in Sources */ = {isa = PBXBuildFile; fileRef = 15B4ED1F1E6464E8001C72CF /* GameTableViewController.swift */; };
		15B4ED221E65ADB3001C72CF /* JoinViewController.swift in Sources */ = {isa = PBXBuildFile; fileRef = 15B4ED211E65ADB3001C72CF /* JoinViewController.swift */; };
		15B4ED261E65B4E0001C72CF /* GameTableViewController.storyboard in Resources */ = {isa = PBXBuildFile; fileRef = 15B4ED251E65B4E0001C72CF /* GameTableViewController.storyboard */; };
		15B948CA1E67853A00E99113 /* Packets.swift in Sources */ = {isa = PBXBuildFile; fileRef = 15B948C91E67853A00E99113 /* Packets.swift */; };
		15D09F8A1E8B47660029BFFD /* Player.swift in Sources */ = {isa = PBXBuildFile; fileRef = 15D09F891E8B47660029BFFD /* Player.swift */; };
		15EE4A111E86C000001A9292 /* AnimationQueue.swift in Sources */ = {isa = PBXBuildFile; fileRef = 15EE4A101E86C000001A9292 /* AnimationQueue.swift */; };
		15EFE6F21E872473005CC1E0 /* StrategyEngine.swift in Sources */ = {isa = PBXBuildFile; fileRef = 15EFE6F11E872473005CC1E0 /* StrategyEngine.swift */; };
		15FD42C21E7C14C800486072 /* EventPacket.swift in Sources */ = {isa = PBXBuildFile; fileRef = 15FD42C11E7C14C800486072 /* EventPacket.swift */; };
		15FED7531ED91D2100DDC06B /* StrategyEngineTests.swift in Sources */ = {isa = PBXBuildFile; fileRef = 15FED7521ED91D2100DDC06B /* StrategyEngineTests.swift */; };
		5075347E41AB199AD02E36D5 /* Pods_DeckOfCardsTests.framework in Frameworks */ = {isa = PBXBuildFile; fileRef = D66C5719C5B3F6155B96DE8C /* Pods_DeckOfCardsTests.framework */; };
		F10F127338EB0369B3070260 /* Pods_DeckOfCards.framework in Frameworks */ = {isa = PBXBuildFile; fileRef = CDD3970435A30C2D33401523 /* Pods_DeckOfCards.framework */; };
/* End PBXBuildFile section */

/* Begin PBXContainerItemProxy section */
		15B4ECFD1E620446001C72CF /* PBXContainerItemProxy */ = {
			isa = PBXContainerItemProxy;
			containerPortal = 15B4ECDD1E620446001C72CF /* Project object */;
			proxyType = 1;
			remoteGlobalIDString = 15B4ECE41E620446001C72CF;
			remoteInfo = DeckOfCards;
		};
/* End PBXContainerItemProxy section */

/* Begin PBXFileReference section */
		15026AF01EBF9E4100A072EF /* PlayerCard.swift */ = {isa = PBXFileReference; fileEncoding = 4; lastKnownFileType = sourcecode.swift; path = PlayerCard.swift; sourceTree = "<group>"; };
		150343A81ECF161D002B4415 /* CardService.swift */ = {isa = PBXFileReference; fileEncoding = 4; lastKnownFileType = sourcecode.swift; path = CardService.swift; sourceTree = "<group>"; };
		1523F1F61E7F2CED001486BB /* GameStatePacket.swift */ = {isa = PBXFileReference; fileEncoding = 4; lastKnownFileType = sourcecode.swift; path = GameStatePacket.swift; sourceTree = "<group>"; };
		1523F1F81E7F2D22001486BB /* PlayersPacket.swift */ = {isa = PBXFileReference; fileEncoding = 4; lastKnownFileType = sourcecode.swift; path = PlayersPacket.swift; sourceTree = "<group>"; };
		1523F1FB1E7F2DC5001486BB /* CardView.swift */ = {isa = PBXFileReference; fileEncoding = 4; lastKnownFileType = sourcecode.swift; path = CardView.swift; sourceTree = "<group>"; };
		1533520A1E69148300C997FB /* Card.swift */ = {isa = PBXFileReference; fileEncoding = 4; lastKnownFileType = sourcecode.swift; path = Card.swift; sourceTree = "<group>"; };
		1533520B1E69148300C997FB /* Deck.swift */ = {isa = PBXFileReference; fileEncoding = 4; lastKnownFileType = sourcecode.swift; path = Deck.swift; sourceTree = "<group>"; };
		15A1E7DC1E991ED7009BA96D /* CardServiceTests.swift */ = {isa = PBXFileReference; fileEncoding = 4; lastKnownFileType = sourcecode.swift; path = CardServiceTests.swift; sourceTree = "<group>"; };
		15B4ECE51E620446001C72CF /* DeckOfCards.app */ = {isa = PBXFileReference; explicitFileType = wrapper.application; includeInIndex = 0; path = DeckOfCards.app; sourceTree = BUILT_PRODUCTS_DIR; };
		15B4ECE81E620446001C72CF /* AppDelegate.swift */ = {isa = PBXFileReference; lastKnownFileType = sourcecode.swift; path = AppDelegate.swift; sourceTree = "<group>"; };
		15B4ECED1E620446001C72CF /* Base */ = {isa = PBXFileReference; lastKnownFileType = file.storyboard; name = Base; path = Base.lproj/Main.storyboard; sourceTree = "<group>"; };
		15B4ECF01E620446001C72CF /* DeckOfCards.xcdatamodel */ = {isa = PBXFileReference; lastKnownFileType = wrapper.xcdatamodel; path = DeckOfCards.xcdatamodel; sourceTree = "<group>"; };
		15B4ECF21E620446001C72CF /* Assets.xcassets */ = {isa = PBXFileReference; lastKnownFileType = folder.assetcatalog; path = Assets.xcassets; sourceTree = "<group>"; };
		15B4ECF51E620446001C72CF /* Base */ = {isa = PBXFileReference; lastKnownFileType = file.storyboard; name = Base; path = Base.lproj/LaunchScreen.storyboard; sourceTree = "<group>"; };
		15B4ECF71E620446001C72CF /* Info.plist */ = {isa = PBXFileReference; lastKnownFileType = text.plist.xml; path = Info.plist; sourceTree = "<group>"; };
		15B4ECFC1E620446001C72CF /* DeckOfCardsTests.xctest */ = {isa = PBXFileReference; explicitFileType = wrapper.cfbundle; includeInIndex = 0; path = DeckOfCardsTests.xctest; sourceTree = BUILT_PRODUCTS_DIR; };
		15B4ED001E620446001C72CF /* DeckOfCardsTests.swift */ = {isa = PBXFileReference; lastKnownFileType = sourcecode.swift; path = DeckOfCardsTests.swift; sourceTree = "<group>"; };
		15B4ED021E620446001C72CF /* Info.plist */ = {isa = PBXFileReference; lastKnownFileType = text.plist.xml; path = Info.plist; sourceTree = "<group>"; };
		15B4ED0B1E6204B3001C72CF /* NetworkManager.swift */ = {isa = PBXFileReference; fileEncoding = 4; lastKnownFileType = sourcecode.swift; path = NetworkManager.swift; sourceTree = "<group>"; };
		15B4ED0D1E6206A0001C72CF /* .swiftlint.yml */ = {isa = PBXFileReference; fileEncoding = 4; lastKnownFileType = text; path = .swiftlint.yml; sourceTree = "<group>"; };
		15B4ED121E622CF8001C72CF /* GameManager.swift */ = {isa = PBXFileReference; fileEncoding = 4; lastKnownFileType = sourcecode.swift; path = GameManager.swift; sourceTree = "<group>"; };
		15B4ED141E64638E001C72CF /* MainViewController.swift */ = {isa = PBXFileReference; fileEncoding = 4; lastKnownFileType = sourcecode.swift; path = MainViewController.swift; sourceTree = "<group>"; };
		15B4ED181E6463F6001C72CF /* StoryboardBased.swift */ = {isa = PBXFileReference; fileEncoding = 4; lastKnownFileType = sourcecode.swift; path = StoryboardBased.swift; sourceTree = "<group>"; };
		15B4ED191E6463F6001C72CF /* NibLoadable.swift */ = {isa = PBXFileReference; fileEncoding = 4; lastKnownFileType = sourcecode.swift; path = NibLoadable.swift; sourceTree = "<group>"; };
		15B4ED1A1E6463F6001C72CF /* NibOwnerLoadable.swift */ = {isa = PBXFileReference; fileEncoding = 4; lastKnownFileType = sourcecode.swift; path = NibOwnerLoadable.swift; sourceTree = "<group>"; };
		15B4ED1F1E6464E8001C72CF /* GameTableViewController.swift */ = {isa = PBXFileReference; fileEncoding = 4; lastKnownFileType = sourcecode.swift; path = GameTableViewController.swift; sourceTree = "<group>"; };
		15B4ED211E65ADB3001C72CF /* JoinViewController.swift */ = {isa = PBXFileReference; fileEncoding = 4; lastKnownFileType = sourcecode.swift; path = JoinViewController.swift; sourceTree = "<group>"; };
		15B4ED251E65B4E0001C72CF /* GameTableViewController.storyboard */ = {isa = PBXFileReference; fileEncoding = 4; lastKnownFileType = file.storyboard; path = GameTableViewController.storyboard; sourceTree = "<group>"; };
		15B948C91E67853A00E99113 /* Packets.swift */ = {isa = PBXFileReference; fileEncoding = 4; lastKnownFileType = sourcecode.swift; name = Packets.swift; path = DeckOfCards/Packets/Packets.swift; sourceTree = SOURCE_ROOT; };
		15D09F891E8B47660029BFFD /* Player.swift */ = {isa = PBXFileReference; fileEncoding = 4; lastKnownFileType = sourcecode.swift; path = Player.swift; sourceTree = "<group>"; };
		15EE4A101E86C000001A9292 /* AnimationQueue.swift */ = {isa = PBXFileReference; fileEncoding = 4; lastKnownFileType = sourcecode.swift; path = AnimationQueue.swift; sourceTree = "<group>"; };
		15EFE6F11E872473005CC1E0 /* StrategyEngine.swift */ = {isa = PBXFileReference; fileEncoding = 4; lastKnownFileType = sourcecode.swift; path = StrategyEngine.swift; sourceTree = "<group>"; };
		15FD42C11E7C14C800486072 /* EventPacket.swift */ = {isa = PBXFileReference; fileEncoding = 4; lastKnownFileType = sourcecode.swift; path = EventPacket.swift; sourceTree = "<group>"; };
		15FED7521ED91D2100DDC06B /* StrategyEngineTests.swift */ = {isa = PBXFileReference; fileEncoding = 4; lastKnownFileType = sourcecode.swift; path = StrategyEngineTests.swift; sourceTree = "<group>"; };
		319890A8556413D0640754AB /* Pods-DeckOfCards.release.xcconfig */ = {isa = PBXFileReference; includeInIndex = 1; lastKnownFileType = text.xcconfig; name = "Pods-DeckOfCards.release.xcconfig"; path = "Pods/Target Support Files/Pods-DeckOfCards/Pods-DeckOfCards.release.xcconfig"; sourceTree = "<group>"; };
		8E3CEB088614C6DA17CA467A /* Pods-DeckOfCardsTests.debug.xcconfig */ = {isa = PBXFileReference; includeInIndex = 1; lastKnownFileType = text.xcconfig; name = "Pods-DeckOfCardsTests.debug.xcconfig"; path = "Pods/Target Support Files/Pods-DeckOfCardsTests/Pods-DeckOfCardsTests.debug.xcconfig"; sourceTree = "<group>"; };
		C44595009732264F8893D44E /* Pods-DeckOfCards.debug.xcconfig */ = {isa = PBXFileReference; includeInIndex = 1; lastKnownFileType = text.xcconfig; name = "Pods-DeckOfCards.debug.xcconfig"; path = "Pods/Target Support Files/Pods-DeckOfCards/Pods-DeckOfCards.debug.xcconfig"; sourceTree = "<group>"; };
		CDD3970435A30C2D33401523 /* Pods_DeckOfCards.framework */ = {isa = PBXFileReference; explicitFileType = wrapper.framework; includeInIndex = 0; path = Pods_DeckOfCards.framework; sourceTree = BUILT_PRODUCTS_DIR; };
		D66C5719C5B3F6155B96DE8C /* Pods_DeckOfCardsTests.framework */ = {isa = PBXFileReference; explicitFileType = wrapper.framework; includeInIndex = 0; path = Pods_DeckOfCardsTests.framework; sourceTree = BUILT_PRODUCTS_DIR; };
		E19AF57FE14433364BE83342 /* Pods-DeckOfCardsTests.release.xcconfig */ = {isa = PBXFileReference; includeInIndex = 1; lastKnownFileType = text.xcconfig; name = "Pods-DeckOfCardsTests.release.xcconfig"; path = "Pods/Target Support Files/Pods-DeckOfCardsTests/Pods-DeckOfCardsTests.release.xcconfig"; sourceTree = "<group>"; };
/* End PBXFileReference section */

/* Begin PBXFrameworksBuildPhase section */
		15B4ECE21E620446001C72CF /* Frameworks */ = {
			isa = PBXFrameworksBuildPhase;
			buildActionMask = 2147483647;
			files = (
				F10F127338EB0369B3070260 /* Pods_DeckOfCards.framework in Frameworks */,
			);
			runOnlyForDeploymentPostprocessing = 0;
		};
		15B4ECF91E620446001C72CF /* Frameworks */ = {
			isa = PBXFrameworksBuildPhase;
			buildActionMask = 2147483647;
			files = (
				5075347E41AB199AD02E36D5 /* Pods_DeckOfCardsTests.framework in Frameworks */,
			);
			runOnlyForDeploymentPostprocessing = 0;
		};
/* End PBXFrameworksBuildPhase section */

/* Begin PBXGroup section */
		150343A71ECF15F2002B4415 /* Services */ = {
			isa = PBXGroup;
			children = (
				150343A81ECF161D002B4415 /* CardService.swift */,
			);
			name = Services;
			sourceTree = "<group>";
		};
		1523F1FA1E7F2D7F001486BB /* Models */ = {
			isa = PBXGroup;
			children = (
				1533520A1E69148300C997FB /* Card.swift */,
				1533520B1E69148300C997FB /* Deck.swift */,
				15D09F891E8B47660029BFFD /* Player.swift */,
				15026AF01EBF9E4100A072EF /* PlayerCard.swift */,
			);
			path = Models;
			sourceTree = "<group>";
		};
		15B4ECDC1E620446001C72CF = {
			isa = PBXGroup;
			children = (
				15B4ED0D1E6206A0001C72CF /* .swiftlint.yml */,
				15B4ECE71E620446001C72CF /* DeckOfCards */,
				15B4ECFF1E620446001C72CF /* DeckOfCardsTests */,
				15B4ECE61E620446001C72CF /* Products */,
				E7CA626F5FAAA97E9E0E71F6 /* Pods */,
				CC82551084775ADF2B81BE4D /* Frameworks */,
			);
			sourceTree = "<group>";
		};
		15B4ECE61E620446001C72CF /* Products */ = {
			isa = PBXGroup;
			children = (
				15B4ECE51E620446001C72CF /* DeckOfCards.app */,
				15B4ECFC1E620446001C72CF /* DeckOfCardsTests.xctest */,
			);
			name = Products;
			sourceTree = "<group>";
		};
		15B4ECE71E620446001C72CF /* DeckOfCards */ = {
			isa = PBXGroup;
			children = (
				150343A71ECF15F2002B4415 /* Services */,
				1523F1FA1E7F2D7F001486BB /* Models */,
				15FD42C01E7C142500486072 /* Packets */,
				15B4ED161E6463C0001C72CF /* Extensions */,
				15B4ECE81E620446001C72CF /* AppDelegate.swift */,
				15B4ED141E64638E001C72CF /* MainViewController.swift */,
				15B4ECEC1E620446001C72CF /* Main.storyboard */,
				15B4ECF21E620446001C72CF /* Assets.xcassets */,
				15B4ECF41E620446001C72CF /* LaunchScreen.storyboard */,
				15B4ECF71E620446001C72CF /* Info.plist */,
				15B4ECEF1E620446001C72CF /* DeckOfCards.xcdatamodeld */,
				15B4ED0B1E6204B3001C72CF /* NetworkManager.swift */,
				15B4ED121E622CF8001C72CF /* GameManager.swift */,
				15B4ED211E65ADB3001C72CF /* JoinViewController.swift */,
				15B4ED1F1E6464E8001C72CF /* GameTableViewController.swift */,
				15B4ED251E65B4E0001C72CF /* GameTableViewController.storyboard */,
				1523F1FB1E7F2DC5001486BB /* CardView.swift */,
				15EE4A101E86C000001A9292 /* AnimationQueue.swift */,
				15EFE6F11E872473005CC1E0 /* StrategyEngine.swift */,
			);
			path = DeckOfCards;
			sourceTree = "<group>";
		};
		15B4ECFF1E620446001C72CF /* DeckOfCardsTests */ = {
			isa = PBXGroup;
			children = (
				15B4ED001E620446001C72CF /* DeckOfCardsTests.swift */,
				15A1E7DC1E991ED7009BA96D /* CardServiceTests.swift */,
				15B4ED021E620446001C72CF /* Info.plist */,
				15FED7521ED91D2100DDC06B /* StrategyEngineTests.swift */,
			);
			path = DeckOfCardsTests;
			sourceTree = "<group>";
		};
		15B4ED161E6463C0001C72CF /* Extensions */ = {
			isa = PBXGroup;
			children = (
				15B4ED1E1E646429001C72CF /* Loadable */,
			);
			path = Extensions;
			sourceTree = "<group>";
		};
		15B4ED1E1E646429001C72CF /* Loadable */ = {
			isa = PBXGroup;
			children = (
				15B4ED181E6463F6001C72CF /* StoryboardBased.swift */,
				15B4ED191E6463F6001C72CF /* NibLoadable.swift */,
				15B4ED1A1E6463F6001C72CF /* NibOwnerLoadable.swift */,
			);
			path = Loadable;
			sourceTree = "<group>";
		};
		15FD42C01E7C142500486072 /* Packets */ = {
			isa = PBXGroup;
			children = (
				15B948C91E67853A00E99113 /* Packets.swift */,
				15FD42C11E7C14C800486072 /* EventPacket.swift */,
				1523F1F61E7F2CED001486BB /* GameStatePacket.swift */,
				1523F1F81E7F2D22001486BB /* PlayersPacket.swift */,
			);
			path = Packets;
			sourceTree = "<group>";
		};
		CC82551084775ADF2B81BE4D /* Frameworks */ = {
			isa = PBXGroup;
			children = (
				CDD3970435A30C2D33401523 /* Pods_DeckOfCards.framework */,
				D66C5719C5B3F6155B96DE8C /* Pods_DeckOfCardsTests.framework */,
			);
			name = Frameworks;
			sourceTree = "<group>";
		};
		E7CA626F5FAAA97E9E0E71F6 /* Pods */ = {
			isa = PBXGroup;
			children = (
				C44595009732264F8893D44E /* Pods-DeckOfCards.debug.xcconfig */,
				319890A8556413D0640754AB /* Pods-DeckOfCards.release.xcconfig */,
				8E3CEB088614C6DA17CA467A /* Pods-DeckOfCardsTests.debug.xcconfig */,
				E19AF57FE14433364BE83342 /* Pods-DeckOfCardsTests.release.xcconfig */,
			);
			name = Pods;
			sourceTree = "<group>";
		};
/* End PBXGroup section */

/* Begin PBXNativeTarget section */
		15B4ECE41E620446001C72CF /* DeckOfCards */ = {
			isa = PBXNativeTarget;
			buildConfigurationList = 15B4ED051E620446001C72CF /* Build configuration list for PBXNativeTarget "DeckOfCards" */;
			buildPhases = (
				0B2A1B7FB79555A3CAD8F952 /* [CP] Check Pods Manifest.lock */,
				15B4ECE11E620446001C72CF /* Sources */,
				15B4ECE21E620446001C72CF /* Frameworks */,
				15B4ECE31E620446001C72CF /* Resources */,
				15B4ED0F1E620B16001C72CF /* Swiftlint */,
				F8057641BC13B43C601EB608 /* [CP] Embed Pods Frameworks */,
				9741C9E0FE45730601FD4A30 /* [CP] Copy Pods Resources */,
			);
			buildRules = (
			);
			dependencies = (
			);
			name = DeckOfCards;
			productName = DeckOfCards;
			productReference = 15B4ECE51E620446001C72CF /* DeckOfCards.app */;
			productType = "com.apple.product-type.application";
		};
		15B4ECFB1E620446001C72CF /* DeckOfCardsTests */ = {
			isa = PBXNativeTarget;
			buildConfigurationList = 15B4ED081E620446001C72CF /* Build configuration list for PBXNativeTarget "DeckOfCardsTests" */;
			buildPhases = (
				55B7B603D0A195A925C83AAE /* [CP] Check Pods Manifest.lock */,
				15B4ECF81E620446001C72CF /* Sources */,
				15B4ECF91E620446001C72CF /* Frameworks */,
				15B4ECFA1E620446001C72CF /* Resources */,
				5E4CCA0A67D0D2F4466F73D8 /* [CP] Embed Pods Frameworks */,
				A23BE1DED35F5B520B8910D2 /* [CP] Copy Pods Resources */,
			);
			buildRules = (
			);
			dependencies = (
				15B4ECFE1E620446001C72CF /* PBXTargetDependency */,
			);
			name = DeckOfCardsTests;
			productName = DeckOfCardsTests;
			productReference = 15B4ECFC1E620446001C72CF /* DeckOfCardsTests.xctest */;
			productType = "com.apple.product-type.bundle.unit-test";
		};
/* End PBXNativeTarget section */

/* Begin PBXProject section */
		15B4ECDD1E620446001C72CF /* Project object */ = {
			isa = PBXProject;
			attributes = {
				LastSwiftUpdateCheck = 0820;
				LastUpgradeCheck = 0820;
				ORGANIZATIONNAME = MichiganLabs;
				TargetAttributes = {
					15B4ECE41E620446001C72CF = {
						CreatedOnToolsVersion = 8.2.1;
						DevelopmentTeam = 4R8XXUKU6X;
						ProvisioningStyle = Automatic;
					};
					15B4ECFB1E620446001C72CF = {
						CreatedOnToolsVersion = 8.2.1;
						DevelopmentTeam = 4R8XXUKU6X;
						ProvisioningStyle = Automatic;
						TestTargetID = 15B4ECE41E620446001C72CF;
					};
				};
			};
			buildConfigurationList = 15B4ECE01E620446001C72CF /* Build configuration list for PBXProject "DeckOfCards" */;
			compatibilityVersion = "Xcode 3.2";
			developmentRegion = English;
			hasScannedForEncodings = 0;
			knownRegions = (
				en,
				Base,
			);
			mainGroup = 15B4ECDC1E620446001C72CF;
			productRefGroup = 15B4ECE61E620446001C72CF /* Products */;
			projectDirPath = "";
			projectRoot = "";
			targets = (
				15B4ECE41E620446001C72CF /* DeckOfCards */,
				15B4ECFB1E620446001C72CF /* DeckOfCardsTests */,
			);
		};
/* End PBXProject section */

/* Begin PBXResourcesBuildPhase section */
		15B4ECE31E620446001C72CF /* Resources */ = {
			isa = PBXResourcesBuildPhase;
			buildActionMask = 2147483647;
			files = (
				15B4ED261E65B4E0001C72CF /* GameTableViewController.storyboard in Resources */,
				15B4ED0E1E6206A0001C72CF /* .swiftlint.yml in Resources */,
				15B4ECF61E620446001C72CF /* LaunchScreen.storyboard in Resources */,
				15B4ECF31E620446001C72CF /* Assets.xcassets in Resources */,
				15B4ECEE1E620446001C72CF /* Main.storyboard in Resources */,
			);
			runOnlyForDeploymentPostprocessing = 0;
		};
		15B4ECFA1E620446001C72CF /* Resources */ = {
			isa = PBXResourcesBuildPhase;
			buildActionMask = 2147483647;
			files = (
			);
			runOnlyForDeploymentPostprocessing = 0;
		};
/* End PBXResourcesBuildPhase section */

/* Begin PBXShellScriptBuildPhase section */
		0B2A1B7FB79555A3CAD8F952 /* [CP] Check Pods Manifest.lock */ = {
			isa = PBXShellScriptBuildPhase;
			buildActionMask = 2147483647;
			files = (
			);
			inputPaths = (
			);
			name = "[CP] Check Pods Manifest.lock";
			outputPaths = (
			);
			runOnlyForDeploymentPostprocessing = 0;
			shellPath = /bin/sh;
			shellScript = "diff \"${PODS_ROOT}/../Podfile.lock\" \"${PODS_ROOT}/Manifest.lock\" > /dev/null\nif [ $? != 0 ] ; then\n    # print error to STDERR\n    echo \"error: The sandbox is not in sync with the Podfile.lock. Run 'pod install' or update your CocoaPods installation.\" >&2\n    exit 1\nfi\n";
			showEnvVarsInLog = 0;
		};
		15B4ED0F1E620B16001C72CF /* Swiftlint */ = {
			isa = PBXShellScriptBuildPhase;
			buildActionMask = 2147483647;
			files = (
			);
			inputPaths = (
			);
			name = Swiftlint;
			outputPaths = (
			);
			runOnlyForDeploymentPostprocessing = 0;
			shellPath = /bin/sh;
			shellScript = "if which swiftlint >/dev/null; then\n    echo \"swiftlint version:\"\n    swiftlint version\n    swiftlint\nelse\n    echo \"warning: SwiftLint not installed, download from https://github.com/realm/SwiftLint\"\nfi";
		};
		55B7B603D0A195A925C83AAE /* [CP] Check Pods Manifest.lock */ = {
			isa = PBXShellScriptBuildPhase;
			buildActionMask = 2147483647;
			files = (
			);
			inputPaths = (
			);
			name = "[CP] Check Pods Manifest.lock";
			outputPaths = (
			);
			runOnlyForDeploymentPostprocessing = 0;
			shellPath = /bin/sh;
			shellScript = "diff \"${PODS_ROOT}/../Podfile.lock\" \"${PODS_ROOT}/Manifest.lock\" > /dev/null\nif [ $? != 0 ] ; then\n    # print error to STDERR\n    echo \"error: The sandbox is not in sync with the Podfile.lock. Run 'pod install' or update your CocoaPods installation.\" >&2\n    exit 1\nfi\n";
			showEnvVarsInLog = 0;
		};
		5E4CCA0A67D0D2F4466F73D8 /* [CP] Embed Pods Frameworks */ = {
			isa = PBXShellScriptBuildPhase;
			buildActionMask = 2147483647;
			files = (
			);
			inputPaths = (
			);
			name = "[CP] Embed Pods Frameworks";
			outputPaths = (
			);
			runOnlyForDeploymentPostprocessing = 0;
			shellPath = /bin/sh;
			shellScript = "\"${SRCROOT}/Pods/Target Support Files/Pods-DeckOfCardsTests/Pods-DeckOfCardsTests-frameworks.sh\"\n";
			showEnvVarsInLog = 0;
		};
		9741C9E0FE45730601FD4A30 /* [CP] Copy Pods Resources */ = {
			isa = PBXShellScriptBuildPhase;
			buildActionMask = 2147483647;
			files = (
			);
			inputPaths = (
			);
			name = "[CP] Copy Pods Resources";
			outputPaths = (
			);
			runOnlyForDeploymentPostprocessing = 0;
			shellPath = /bin/sh;
			shellScript = "\"${SRCROOT}/Pods/Target Support Files/Pods-DeckOfCards/Pods-DeckOfCards-resources.sh\"\n";
			showEnvVarsInLog = 0;
		};
		A23BE1DED35F5B520B8910D2 /* [CP] Copy Pods Resources */ = {
			isa = PBXShellScriptBuildPhase;
			buildActionMask = 2147483647;
			files = (
			);
			inputPaths = (
			);
			name = "[CP] Copy Pods Resources";
			outputPaths = (
			);
			runOnlyForDeploymentPostprocessing = 0;
			shellPath = /bin/sh;
			shellScript = "\"${SRCROOT}/Pods/Target Support Files/Pods-DeckOfCardsTests/Pods-DeckOfCardsTests-resources.sh\"\n";
			showEnvVarsInLog = 0;
		};
		F8057641BC13B43C601EB608 /* [CP] Embed Pods Frameworks */ = {
			isa = PBXShellScriptBuildPhase;
			buildActionMask = 2147483647;
			files = (
			);
			inputPaths = (
			);
			name = "[CP] Embed Pods Frameworks";
			outputPaths = (
			);
			runOnlyForDeploymentPostprocessing = 0;
			shellPath = /bin/sh;
			shellScript = "\"${SRCROOT}/Pods/Target Support Files/Pods-DeckOfCards/Pods-DeckOfCards-frameworks.sh\"\n";
			showEnvVarsInLog = 0;
		};
/* End PBXShellScriptBuildPhase section */

/* Begin PBXSourcesBuildPhase section */
		15B4ECE11E620446001C72CF /* Sources */ = {
			isa = PBXSourcesBuildPhase;
			buildActionMask = 2147483647;
			files = (
				1533520D1E69148300C997FB /* Deck.swift in Sources */,
				15B4ED201E6464E8001C72CF /* GameTableViewController.swift in Sources */,
				15EE4A111E86C000001A9292 /* AnimationQueue.swift in Sources */,
				15B4ECF11E620446001C72CF /* DeckOfCards.xcdatamodeld in Sources */,
				15B4ED221E65ADB3001C72CF /* JoinViewController.swift in Sources */,
				15026AF11EBF9E4100A072EF /* PlayerCard.swift in Sources */,
				15B4ED1D1E6463F6001C72CF /* NibOwnerLoadable.swift in Sources */,
				150343A91ECF161D002B4415 /* CardService.swift in Sources */,
				1533520C1E69148300C997FB /* Card.swift in Sources */,
				1523F1F91E7F2D22001486BB /* PlayersPacket.swift in Sources */,
				15D09F8A1E8B47660029BFFD /* Player.swift in Sources */,
				15B4ED1C1E6463F6001C72CF /* NibLoadable.swift in Sources */,
				1523F1F71E7F2CED001486BB /* GameStatePacket.swift in Sources */,
				15B4ED0C1E6204B3001C72CF /* NetworkManager.swift in Sources */,
				15FD42C21E7C14C800486072 /* EventPacket.swift in Sources */,
				15B4ED151E64638E001C72CF /* MainViewController.swift in Sources */,
				15B4ECE91E620446001C72CF /* AppDelegate.swift in Sources */,
				15B4ED131E622CF8001C72CF /* GameManager.swift in Sources */,
				15B4ED1B1E6463F6001C72CF /* StoryboardBased.swift in Sources */,
				1523F1FC1E7F2DC5001486BB /* CardView.swift in Sources */,
				15EFE6F21E872473005CC1E0 /* StrategyEngine.swift in Sources */,
				15B948CA1E67853A00E99113 /* Packets.swift in Sources */,
			);
			runOnlyForDeploymentPostprocessing = 0;
		};
		15B4ECF81E620446001C72CF /* Sources */ = {
			isa = PBXSourcesBuildPhase;
			buildActionMask = 2147483647;
			files = (
				15FED7531ED91D2100DDC06B /* StrategyEngineTests.swift in Sources */,
				15A1E7DD1E991ED7009BA96D /* CardServiceTests.swift in Sources */,
				15B4ED011E620446001C72CF /* DeckOfCardsTests.swift in Sources */,
			);
			runOnlyForDeploymentPostprocessing = 0;
		};
/* End PBXSourcesBuildPhase section */

/* Begin PBXTargetDependency section */
		15B4ECFE1E620446001C72CF /* PBXTargetDependency */ = {
			isa = PBXTargetDependency;
			target = 15B4ECE41E620446001C72CF /* DeckOfCards */;
			targetProxy = 15B4ECFD1E620446001C72CF /* PBXContainerItemProxy */;
		};
/* End PBXTargetDependency section */

/* Begin PBXVariantGroup section */
		15B4ECEC1E620446001C72CF /* Main.storyboard */ = {
			isa = PBXVariantGroup;
			children = (
				15B4ECED1E620446001C72CF /* Base */,
			);
			name = Main.storyboard;
			sourceTree = "<group>";
		};
		15B4ECF41E620446001C72CF /* LaunchScreen.storyboard */ = {
			isa = PBXVariantGroup;
			children = (
				15B4ECF51E620446001C72CF /* Base */,
			);
			name = LaunchScreen.storyboard;
			sourceTree = "<group>";
		};
/* End PBXVariantGroup section */

/* Begin XCBuildConfiguration section */
		15B4ED031E620446001C72CF /* Debug */ = {
			isa = XCBuildConfiguration;
			buildSettings = {
				ALWAYS_SEARCH_USER_PATHS = NO;
				CLANG_ANALYZER_NONNULL = YES;
				CLANG_CXX_LANGUAGE_STANDARD = "gnu++0x";
				CLANG_CXX_LIBRARY = "libc++";
				CLANG_ENABLE_MODULES = YES;
				CLANG_ENABLE_OBJC_ARC = YES;
				CLANG_WARN_BOOL_CONVERSION = YES;
				CLANG_WARN_CONSTANT_CONVERSION = YES;
				CLANG_WARN_DIRECT_OBJC_ISA_USAGE = YES_ERROR;
				CLANG_WARN_DOCUMENTATION_COMMENTS = YES;
				CLANG_WARN_EMPTY_BODY = YES;
				CLANG_WARN_ENUM_CONVERSION = YES;
				CLANG_WARN_INFINITE_RECURSION = YES;
				CLANG_WARN_INT_CONVERSION = YES;
				CLANG_WARN_OBJC_ROOT_CLASS = YES_ERROR;
				CLANG_WARN_SUSPICIOUS_MOVE = YES;
				CLANG_WARN_UNREACHABLE_CODE = YES;
				CLANG_WARN__DUPLICATE_METHOD_MATCH = YES;
				"CODE_SIGN_IDENTITY[sdk=iphoneos*]" = "iPhone Developer";
				COPY_PHASE_STRIP = NO;
				DEBUG_INFORMATION_FORMAT = dwarf;
				ENABLE_STRICT_OBJC_MSGSEND = YES;
				ENABLE_TESTABILITY = YES;
				GCC_C_LANGUAGE_STANDARD = gnu99;
				GCC_DYNAMIC_NO_PIC = NO;
				GCC_NO_COMMON_BLOCKS = YES;
				GCC_OPTIMIZATION_LEVEL = 0;
				GCC_PREPROCESSOR_DEFINITIONS = (
					"DEBUG=1",
					"$(inherited)",
				);
				GCC_WARN_64_TO_32_BIT_CONVERSION = YES;
				GCC_WARN_ABOUT_RETURN_TYPE = YES_ERROR;
				GCC_WARN_UNDECLARED_SELECTOR = YES;
				GCC_WARN_UNINITIALIZED_AUTOS = YES_AGGRESSIVE;
				GCC_WARN_UNUSED_FUNCTION = YES;
				GCC_WARN_UNUSED_VARIABLE = YES;
				IPHONEOS_DEPLOYMENT_TARGET = 10.2;
				MTL_ENABLE_DEBUG_INFO = YES;
				ONLY_ACTIVE_ARCH = YES;
				SDKROOT = iphoneos;
				SWIFT_ACTIVE_COMPILATION_CONDITIONS = DEBUG;
				SWIFT_OPTIMIZATION_LEVEL = "-Onone";
				TARGETED_DEVICE_FAMILY = "1,2";
			};
			name = Debug;
		};
		15B4ED041E620446001C72CF /* Release */ = {
			isa = XCBuildConfiguration;
			buildSettings = {
				ALWAYS_SEARCH_USER_PATHS = NO;
				CLANG_ANALYZER_NONNULL = YES;
				CLANG_CXX_LANGUAGE_STANDARD = "gnu++0x";
				CLANG_CXX_LIBRARY = "libc++";
				CLANG_ENABLE_MODULES = YES;
				CLANG_ENABLE_OBJC_ARC = YES;
				CLANG_WARN_BOOL_CONVERSION = YES;
				CLANG_WARN_CONSTANT_CONVERSION = YES;
				CLANG_WARN_DIRECT_OBJC_ISA_USAGE = YES_ERROR;
				CLANG_WARN_DOCUMENTATION_COMMENTS = YES;
				CLANG_WARN_EMPTY_BODY = YES;
				CLANG_WARN_ENUM_CONVERSION = YES;
				CLANG_WARN_INFINITE_RECURSION = YES;
				CLANG_WARN_INT_CONVERSION = YES;
				CLANG_WARN_OBJC_ROOT_CLASS = YES_ERROR;
				CLANG_WARN_SUSPICIOUS_MOVE = YES;
				CLANG_WARN_UNREACHABLE_CODE = YES;
				CLANG_WARN__DUPLICATE_METHOD_MATCH = YES;
				"CODE_SIGN_IDENTITY[sdk=iphoneos*]" = "iPhone Developer";
				COPY_PHASE_STRIP = NO;
				DEBUG_INFORMATION_FORMAT = "dwarf-with-dsym";
				ENABLE_NS_ASSERTIONS = NO;
				ENABLE_STRICT_OBJC_MSGSEND = YES;
				GCC_C_LANGUAGE_STANDARD = gnu99;
				GCC_NO_COMMON_BLOCKS = YES;
				GCC_WARN_64_TO_32_BIT_CONVERSION = YES;
				GCC_WARN_ABOUT_RETURN_TYPE = YES_ERROR;
				GCC_WARN_UNDECLARED_SELECTOR = YES;
				GCC_WARN_UNINITIALIZED_AUTOS = YES_AGGRESSIVE;
				GCC_WARN_UNUSED_FUNCTION = YES;
				GCC_WARN_UNUSED_VARIABLE = YES;
				IPHONEOS_DEPLOYMENT_TARGET = 10.2;
				MTL_ENABLE_DEBUG_INFO = NO;
				SDKROOT = iphoneos;
				SWIFT_OPTIMIZATION_LEVEL = "-Owholemodule";
				TARGETED_DEVICE_FAMILY = "1,2";
				VALIDATE_PRODUCT = YES;
			};
			name = Release;
		};
		15B4ED061E620446001C72CF /* Debug */ = {
			isa = XCBuildConfiguration;
			baseConfigurationReference = C44595009732264F8893D44E /* Pods-DeckOfCards.debug.xcconfig */;
			buildSettings = {
				ASSETCATALOG_COMPILER_APPICON_NAME = AppIcon;
				DEVELOPMENT_TEAM = 4R8XXUKU6X;
				INFOPLIST_FILE = DeckOfCards/Info.plist;
				LD_RUNPATH_SEARCH_PATHS = "$(inherited) @executable_path/Frameworks";
				PRODUCT_BUNDLE_IDENTIFIER = com.michiganlabs.DeckOfCards;
				PRODUCT_NAME = "$(TARGET_NAME)";
				SWIFT_VERSION = 3.0;
			};
			name = Debug;
		};
		15B4ED071E620446001C72CF /* Release */ = {
			isa = XCBuildConfiguration;
			baseConfigurationReference = 319890A8556413D0640754AB /* Pods-DeckOfCards.release.xcconfig */;
			buildSettings = {
				ASSETCATALOG_COMPILER_APPICON_NAME = AppIcon;
				DEVELOPMENT_TEAM = 4R8XXUKU6X;
				INFOPLIST_FILE = DeckOfCards/Info.plist;
				LD_RUNPATH_SEARCH_PATHS = "$(inherited) @executable_path/Frameworks";
				PRODUCT_BUNDLE_IDENTIFIER = com.michiganlabs.DeckOfCards;
				PRODUCT_NAME = "$(TARGET_NAME)";
				SWIFT_VERSION = 3.0;
			};
			name = Release;
		};
		15B4ED091E620446001C72CF /* Debug */ = {
			isa = XCBuildConfiguration;
			baseConfigurationReference = 8E3CEB088614C6DA17CA467A /* Pods-DeckOfCardsTests.debug.xcconfig */;
			buildSettings = {
				ALWAYS_EMBED_SWIFT_STANDARD_LIBRARIES = YES;
				BUNDLE_LOADER = "$(TEST_HOST)";
				DEVELOPMENT_TEAM = 4R8XXUKU6X;
				INFOPLIST_FILE = DeckOfCardsTests/Info.plist;
				LD_RUNPATH_SEARCH_PATHS = "$(inherited) @executable_path/Frameworks @loader_path/Frameworks";
				PRODUCT_BUNDLE_IDENTIFIER = com.michiganlabs.DeckOfCardsTests;
				PRODUCT_NAME = "$(TARGET_NAME)";
				SWIFT_VERSION = 3.0;
				TEST_HOST = "$(BUILT_PRODUCTS_DIR)/DeckOfCards.app/DeckOfCards";
			};
			name = Debug;
		};
		15B4ED0A1E620446001C72CF /* Release */ = {
			isa = XCBuildConfiguration;
			baseConfigurationReference = E19AF57FE14433364BE83342 /* Pods-DeckOfCardsTests.release.xcconfig */;
			buildSettings = {
				ALWAYS_EMBED_SWIFT_STANDARD_LIBRARIES = YES;
				BUNDLE_LOADER = "$(TEST_HOST)";
				DEVELOPMENT_TEAM = 4R8XXUKU6X;
				INFOPLIST_FILE = DeckOfCardsTests/Info.plist;
				LD_RUNPATH_SEARCH_PATHS = "$(inherited) @executable_path/Frameworks @loader_path/Frameworks";
				PRODUCT_BUNDLE_IDENTIFIER = com.michiganlabs.DeckOfCardsTests;
				PRODUCT_NAME = "$(TARGET_NAME)";
				SWIFT_VERSION = 3.0;
				TEST_HOST = "$(BUILT_PRODUCTS_DIR)/DeckOfCards.app/DeckOfCards";
			};
			name = Release;
		};
/* End XCBuildConfiguration section */

/* Begin XCConfigurationList section */
		15B4ECE01E620446001C72CF /* Build configuration list for PBXProject "DeckOfCards" */ = {
			isa = XCConfigurationList;
			buildConfigurations = (
				15B4ED031E620446001C72CF /* Debug */,
				15B4ED041E620446001C72CF /* Release */,
			);
			defaultConfigurationIsVisible = 0;
			defaultConfigurationName = Release;
		};
		15B4ED051E620446001C72CF /* Build configuration list for PBXNativeTarget "DeckOfCards" */ = {
			isa = XCConfigurationList;
			buildConfigurations = (
				15B4ED061E620446001C72CF /* Debug */,
				15B4ED071E620446001C72CF /* Release */,
			);
			defaultConfigurationIsVisible = 0;
			defaultConfigurationName = Release;
		};
		15B4ED081E620446001C72CF /* Build configuration list for PBXNativeTarget "DeckOfCardsTests" */ = {
			isa = XCConfigurationList;
			buildConfigurations = (
				15B4ED091E620446001C72CF /* Debug */,
				15B4ED0A1E620446001C72CF /* Release */,
			);
			defaultConfigurationIsVisible = 0;
			defaultConfigurationName = Release;
		};
/* End XCConfigurationList section */

/* Begin XCVersionGroup section */
		15B4ECEF1E620446001C72CF /* DeckOfCards.xcdatamodeld */ = {
			isa = XCVersionGroup;
			children = (
				15B4ECF01E620446001C72CF /* DeckOfCards.xcdatamodel */,
			);
			currentVersion = 15B4ECF01E620446001C72CF /* DeckOfCards.xcdatamodel */;
			path = DeckOfCards.xcdatamodeld;
			sourceTree = "<group>";
			versionGroupType = wrapper.xcdatamodel;
		};
/* End XCVersionGroup section */
	};
	rootObject = 15B4ECDD1E620446001C72CF /* Project object */;
}
